// !$*UTF8*$!
{
	archiveVersion = 1;
	classes = {
	};
	objectVersion = 50;
	objects = {

/* Begin PBXBuildFile section */
		B480CCA12569B19500BB0AF8 /* AppDelegate.swift in Sources */ = {isa = PBXBuildFile; fileRef = B480CCA02569B19500BB0AF8 /* AppDelegate.swift */; };
		B480CCA32569B19500BB0AF8 /* SceneDelegate.swift in Sources */ = {isa = PBXBuildFile; fileRef = B480CCA22569B19500BB0AF8 /* SceneDelegate.swift */; };
		B480CCA52569B19500BB0AF8 /* ViewController.swift in Sources */ = {isa = PBXBuildFile; fileRef = B480CCA42569B19500BB0AF8 /* ViewController.swift */; };
		B480CCA82569B19500BB0AF8 /* Main.storyboard in Resources */ = {isa = PBXBuildFile; fileRef = B480CCA62569B19500BB0AF8 /* Main.storyboard */; };
		B480CCAA2569B19600BB0AF8 /* Assets.xcassets in Resources */ = {isa = PBXBuildFile; fileRef = B480CCA92569B19600BB0AF8 /* Assets.xcassets */; };
		B480CCAD2569B19600BB0AF8 /* LaunchScreen.storyboard in Resources */ = {isa = PBXBuildFile; fileRef = B480CCAB2569B19600BB0AF8 /* LaunchScreen.storyboard */; };
		B480CCB82569B19600BB0AF8 /* TwitterCloneTests.swift in Sources */ = {isa = PBXBuildFile; fileRef = B480CCB72569B19600BB0AF8 /* TwitterCloneTests.swift */; };
		B480CCC32569B19600BB0AF8 /* TwitterCloneUITests.swift in Sources */ = {isa = PBXBuildFile; fileRef = B480CCC22569B19600BB0AF8 /* TwitterCloneUITests.swift */; };
		B480CCDD2569B1E800BB0AF8 /* Extensions.swift in Sources */ = {isa = PBXBuildFile; fileRef = B480CCDC2569B1E800BB0AF8 /* Extensions.swift */; };
		B480CCE22569B25C00BB0AF8 /* MainTabController.swift in Sources */ = {isa = PBXBuildFile; fileRef = B480CCE12569B25C00BB0AF8 /* MainTabController.swift */; };
		B480CCE82569B39900BB0AF8 /* FeedController.swift in Sources */ = {isa = PBXBuildFile; fileRef = B480CCE72569B39900BB0AF8 /* FeedController.swift */; };
		B480CCED2569B3CC00BB0AF8 /* ExploreController.swift in Sources */ = {isa = PBXBuildFile; fileRef = B480CCEC2569B3CC00BB0AF8 /* ExploreController.swift */; };
		B480CCF22569B3F400BB0AF8 /* NotificationController.swift in Sources */ = {isa = PBXBuildFile; fileRef = B480CCF12569B3F400BB0AF8 /* NotificationController.swift */; };
		B480CCF72569B41000BB0AF8 /* ConversationController.swift in Sources */ = {isa = PBXBuildFile; fileRef = B480CCF62569B41000BB0AF8 /* ConversationController.swift */; };
		B4BF9EC7256C415400DB282A /* LoginController.swift in Sources */ = {isa = PBXBuildFile; fileRef = B4BF9EC6256C415400DB282A /* LoginController.swift */; };
		B4BF9ECC256C416200DB282A /* RegisterController.swift in Sources */ = {isa = PBXBuildFile; fileRef = B4BF9ECB256C416200DB282A /* RegisterController.swift */; };
		B4BF9ED9256C43FD00DB282A /* Utilites.swift in Sources */ = {isa = PBXBuildFile; fileRef = B4BF9ED8256C43FD00DB282A /* Utilites.swift */; };
/* End PBXBuildFile section */

/* Begin PBXContainerItemProxy section */
		B480CCB42569B19600BB0AF8 /* PBXContainerItemProxy */ = {
			isa = PBXContainerItemProxy;
			containerPortal = B480CC952569B19500BB0AF8 /* Project object */;
			proxyType = 1;
			remoteGlobalIDString = B480CC9C2569B19500BB0AF8;
			remoteInfo = TwitterClone;
		};
		B480CCBF2569B19600BB0AF8 /* PBXContainerItemProxy */ = {
			isa = PBXContainerItemProxy;
			containerPortal = B480CC952569B19500BB0AF8 /* Project object */;
			proxyType = 1;
			remoteGlobalIDString = B480CC9C2569B19500BB0AF8;
			remoteInfo = TwitterClone;
		};
/* End PBXContainerItemProxy section */

/* Begin PBXFileReference section */
		B480CC9D2569B19500BB0AF8 /* TwitterClone.app */ = {isa = PBXFileReference; explicitFileType = wrapper.application; includeInIndex = 0; path = TwitterClone.app; sourceTree = BUILT_PRODUCTS_DIR; };
		B480CCA02569B19500BB0AF8 /* AppDelegate.swift */ = {isa = PBXFileReference; lastKnownFileType = sourcecode.swift; path = AppDelegate.swift; sourceTree = "<group>"; };
		B480CCA22569B19500BB0AF8 /* SceneDelegate.swift */ = {isa = PBXFileReference; lastKnownFileType = sourcecode.swift; path = SceneDelegate.swift; sourceTree = "<group>"; };
		B480CCA42569B19500BB0AF8 /* ViewController.swift */ = {isa = PBXFileReference; lastKnownFileType = sourcecode.swift; path = ViewController.swift; sourceTree = "<group>"; };
		B480CCA72569B19500BB0AF8 /* Base */ = {isa = PBXFileReference; lastKnownFileType = file.storyboard; name = Base; path = Base.lproj/Main.storyboard; sourceTree = "<group>"; };
		B480CCA92569B19600BB0AF8 /* Assets.xcassets */ = {isa = PBXFileReference; lastKnownFileType = folder.assetcatalog; path = Assets.xcassets; sourceTree = "<group>"; };
		B480CCAC2569B19600BB0AF8 /* Base */ = {isa = PBXFileReference; lastKnownFileType = file.storyboard; name = Base; path = Base.lproj/LaunchScreen.storyboard; sourceTree = "<group>"; };
		B480CCAE2569B19600BB0AF8 /* Info.plist */ = {isa = PBXFileReference; lastKnownFileType = text.plist.xml; path = Info.plist; sourceTree = "<group>"; };
		B480CCB32569B19600BB0AF8 /* TwitterCloneTests.xctest */ = {isa = PBXFileReference; explicitFileType = wrapper.cfbundle; includeInIndex = 0; path = TwitterCloneTests.xctest; sourceTree = BUILT_PRODUCTS_DIR; };
		B480CCB72569B19600BB0AF8 /* TwitterCloneTests.swift */ = {isa = PBXFileReference; lastKnownFileType = sourcecode.swift; path = TwitterCloneTests.swift; sourceTree = "<group>"; };
		B480CCB92569B19600BB0AF8 /* Info.plist */ = {isa = PBXFileReference; lastKnownFileType = text.plist.xml; path = Info.plist; sourceTree = "<group>"; };
		B480CCBE2569B19600BB0AF8 /* TwitterCloneUITests.xctest */ = {isa = PBXFileReference; explicitFileType = wrapper.cfbundle; includeInIndex = 0; path = TwitterCloneUITests.xctest; sourceTree = BUILT_PRODUCTS_DIR; };
		B480CCC22569B19600BB0AF8 /* TwitterCloneUITests.swift */ = {isa = PBXFileReference; lastKnownFileType = sourcecode.swift; path = TwitterCloneUITests.swift; sourceTree = "<group>"; };
		B480CCC42569B19600BB0AF8 /* Info.plist */ = {isa = PBXFileReference; lastKnownFileType = text.plist.xml; path = Info.plist; sourceTree = "<group>"; };
		B480CCDC2569B1E800BB0AF8 /* Extensions.swift */ = {isa = PBXFileReference; fileEncoding = 4; lastKnownFileType = sourcecode.swift; path = Extensions.swift; sourceTree = "<group>"; };
		B480CCE12569B25C00BB0AF8 /* MainTabController.swift */ = {isa = PBXFileReference; lastKnownFileType = sourcecode.swift; path = MainTabController.swift; sourceTree = "<group>"; };
		B480CCE72569B39900BB0AF8 /* FeedController.swift */ = {isa = PBXFileReference; lastKnownFileType = sourcecode.swift; path = FeedController.swift; sourceTree = "<group>"; };
		B480CCEC2569B3CC00BB0AF8 /* ExploreController.swift */ = {isa = PBXFileReference; lastKnownFileType = sourcecode.swift; path = ExploreController.swift; sourceTree = "<group>"; };
		B480CCF12569B3F400BB0AF8 /* NotificationController.swift */ = {isa = PBXFileReference; lastKnownFileType = sourcecode.swift; path = NotificationController.swift; sourceTree = "<group>"; };
		B480CCF62569B41000BB0AF8 /* ConversationController.swift */ = {isa = PBXFileReference; lastKnownFileType = sourcecode.swift; path = ConversationController.swift; sourceTree = "<group>"; };
		B4BF9EC6256C415400DB282A /* LoginController.swift */ = {isa = PBXFileReference; lastKnownFileType = sourcecode.swift; path = LoginController.swift; sourceTree = "<group>"; };
		B4BF9ECB256C416200DB282A /* RegisterController.swift */ = {isa = PBXFileReference; lastKnownFileType = sourcecode.swift; path = RegisterController.swift; sourceTree = "<group>"; };
		B4BF9ED8256C43FD00DB282A /* Utilites.swift */ = {isa = PBXFileReference; lastKnownFileType = sourcecode.swift; path = Utilites.swift; sourceTree = "<group>"; };
/* End PBXFileReference section */

/* Begin PBXFrameworksBuildPhase section */
		B480CC9A2569B19500BB0AF8 /* Frameworks */ = {
			isa = PBXFrameworksBuildPhase;
			buildActionMask = 2147483647;
			files = (
			);
			runOnlyForDeploymentPostprocessing = 0;
		};
		B480CCB02569B19600BB0AF8 /* Frameworks */ = {
			isa = PBXFrameworksBuildPhase;
			buildActionMask = 2147483647;
			files = (
			);
			runOnlyForDeploymentPostprocessing = 0;
		};
		B480CCBB2569B19600BB0AF8 /* Frameworks */ = {
			isa = PBXFrameworksBuildPhase;
			buildActionMask = 2147483647;
			files = (
			);
			runOnlyForDeploymentPostprocessing = 0;
		};
/* End PBXFrameworksBuildPhase section */

/* Begin PBXGroup section */
		B480CC942569B19500BB0AF8 = {
			isa = PBXGroup;
			children = (
				B480CC9F2569B19500BB0AF8 /* TwitterClone */,
				B480CCB62569B19600BB0AF8 /* TwitterCloneTests */,
				B480CCC12569B19600BB0AF8 /* TwitterCloneUITests */,
				B480CC9E2569B19500BB0AF8 /* Products */,
			);
			sourceTree = "<group>";
		};
		B480CC9E2569B19500BB0AF8 /* Products */ = {
			isa = PBXGroup;
			children = (
				B480CC9D2569B19500BB0AF8 /* TwitterClone.app */,
				B480CCB32569B19600BB0AF8 /* TwitterCloneTests.xctest */,
				B480CCBE2569B19600BB0AF8 /* TwitterCloneUITests.xctest */,
			);
			name = Products;
			sourceTree = "<group>";
		};
		B480CC9F2569B19500BB0AF8 /* TwitterClone */ = {
			isa = PBXGroup;
			children = (
				B480CCDB2569B1C800BB0AF8 /* Utils */,
				B480CCDA2569B1C600BB0AF8 /* API */,
				B480CCD92569B1C500BB0AF8 /* Model */,
				B480CCD82569B1C400BB0AF8 /* ViewModel */,
				B480CCD72569B1C200BB0AF8 /* View */,
				B480CCD62569B1C000BB0AF8 /* Controller */,
				B480CCA02569B19500BB0AF8 /* AppDelegate.swift */,
				B480CCA22569B19500BB0AF8 /* SceneDelegate.swift */,
				B480CCA42569B19500BB0AF8 /* ViewController.swift */,
				B480CCA62569B19500BB0AF8 /* Main.storyboard */,
				B480CCA92569B19600BB0AF8 /* Assets.xcassets */,
				B480CCAB2569B19600BB0AF8 /* LaunchScreen.storyboard */,
				B480CCAE2569B19600BB0AF8 /* Info.plist */,
			);
			path = TwitterClone;
			sourceTree = "<group>";
		};
		B480CCB62569B19600BB0AF8 /* TwitterCloneTests */ = {
			isa = PBXGroup;
			children = (
				B480CCB72569B19600BB0AF8 /* TwitterCloneTests.swift */,
				B480CCB92569B19600BB0AF8 /* Info.plist */,
			);
			path = TwitterCloneTests;
			sourceTree = "<group>";
		};
		B480CCC12569B19600BB0AF8 /* TwitterCloneUITests */ = {
			isa = PBXGroup;
			children = (
				B480CCC22569B19600BB0AF8 /* TwitterCloneUITests.swift */,
				B480CCC42569B19600BB0AF8 /* Info.plist */,
			);
			path = TwitterCloneUITests;
			sourceTree = "<group>";
		};
		B480CCD62569B1C000BB0AF8 /* Controller */ = {
			isa = PBXGroup;
			children = (
				B4BF9EC5256C413600DB282A /* Authentication */,
				B480CCE62569B38900BB0AF8 /* TabControllers */,
				B480CCE12569B25C00BB0AF8 /* MainTabController.swift */,
			);
			path = Controller;
			sourceTree = "<group>";
		};
		B480CCD72569B1C200BB0AF8 /* View */ = {
			isa = PBXGroup;
			children = (
			);
			path = View;
			sourceTree = "<group>";
		};
		B480CCD82569B1C400BB0AF8 /* ViewModel */ = {
			isa = PBXGroup;
			children = (
			);
			path = ViewModel;
			sourceTree = "<group>";
		};
		B480CCD92569B1C500BB0AF8 /* Model */ = {
			isa = PBXGroup;
			children = (
			);
			path = Model;
			sourceTree = "<group>";
		};
		B480CCDA2569B1C600BB0AF8 /* API */ = {
			isa = PBXGroup;
			children = (
			);
			path = API;
			sourceTree = "<group>";
		};
		B480CCDB2569B1C800BB0AF8 /* Utils */ = {
			isa = PBXGroup;
			children = (
				B480CCDC2569B1E800BB0AF8 /* Extensions.swift */,
				B4BF9ED8256C43FD00DB282A /* Utilites.swift */,
			);
			path = Utils;
			sourceTree = "<group>";
		};
		B480CCE62569B38900BB0AF8 /* TabControllers */ = {
			isa = PBXGroup;
			children = (
				B480CCE72569B39900BB0AF8 /* FeedController.swift */,
				B480CCEC2569B3CC00BB0AF8 /* ExploreController.swift */,
				B480CCF12569B3F400BB0AF8 /* NotificationController.swift */,
				B480CCF62569B41000BB0AF8 /* ConversationController.swift */,
			);
			path = TabControllers;
			sourceTree = "<group>";
		};
		B4BF9EC5256C413600DB282A /* Authentication */ = {
			isa = PBXGroup;
			children = (
				B4BF9EC6256C415400DB282A /* LoginController.swift */,
				B4BF9ECB256C416200DB282A /* RegisterController.swift */,
			);
			path = Authentication;
			sourceTree = "<group>";
		};
/* End PBXGroup section */

/* Begin PBXNativeTarget section */
		B480CC9C2569B19500BB0AF8 /* TwitterClone */ = {
			isa = PBXNativeTarget;
			buildConfigurationList = B480CCC72569B19600BB0AF8 /* Build configuration list for PBXNativeTarget "TwitterClone" */;
			buildPhases = (
				B480CC992569B19500BB0AF8 /* Sources */,
				B480CC9A2569B19500BB0AF8 /* Frameworks */,
				B480CC9B2569B19500BB0AF8 /* Resources */,
			);
			buildRules = (
			);
			dependencies = (
			);
			name = TwitterClone;
			productName = TwitterClone;
			productReference = B480CC9D2569B19500BB0AF8 /* TwitterClone.app */;
			productType = "com.apple.product-type.application";
		};
		B480CCB22569B19600BB0AF8 /* TwitterCloneTests */ = {
			isa = PBXNativeTarget;
			buildConfigurationList = B480CCCA2569B19600BB0AF8 /* Build configuration list for PBXNativeTarget "TwitterCloneTests" */;
			buildPhases = (
				B480CCAF2569B19600BB0AF8 /* Sources */,
				B480CCB02569B19600BB0AF8 /* Frameworks */,
				B480CCB12569B19600BB0AF8 /* Resources */,
			);
			buildRules = (
			);
			dependencies = (
				B480CCB52569B19600BB0AF8 /* PBXTargetDependency */,
			);
			name = TwitterCloneTests;
			productName = TwitterCloneTests;
			productReference = B480CCB32569B19600BB0AF8 /* TwitterCloneTests.xctest */;
			productType = "com.apple.product-type.bundle.unit-test";
		};
		B480CCBD2569B19600BB0AF8 /* TwitterCloneUITests */ = {
			isa = PBXNativeTarget;
			buildConfigurationList = B480CCCD2569B19600BB0AF8 /* Build configuration list for PBXNativeTarget "TwitterCloneUITests" */;
			buildPhases = (
				B480CCBA2569B19600BB0AF8 /* Sources */,
				B480CCBB2569B19600BB0AF8 /* Frameworks */,
				B480CCBC2569B19600BB0AF8 /* Resources */,
			);
			buildRules = (
			);
			dependencies = (
				B480CCC02569B19600BB0AF8 /* PBXTargetDependency */,
			);
			name = TwitterCloneUITests;
			productName = TwitterCloneUITests;
			productReference = B480CCBE2569B19600BB0AF8 /* TwitterCloneUITests.xctest */;
			productType = "com.apple.product-type.bundle.ui-testing";
		};
/* End PBXNativeTarget section */

/* Begin PBXProject section */
		B480CC952569B19500BB0AF8 /* Project object */ = {
			isa = PBXProject;
			attributes = {
				LastSwiftUpdateCheck = 1210;
				LastUpgradeCheck = 1210;
				TargetAttributes = {
					B480CC9C2569B19500BB0AF8 = {
						CreatedOnToolsVersion = 12.1;
					};
					B480CCB22569B19600BB0AF8 = {
						CreatedOnToolsVersion = 12.1;
						TestTargetID = B480CC9C2569B19500BB0AF8;
					};
					B480CCBD2569B19600BB0AF8 = {
						CreatedOnToolsVersion = 12.1;
						TestTargetID = B480CC9C2569B19500BB0AF8;
					};
				};
			};
			buildConfigurationList = B480CC982569B19500BB0AF8 /* Build configuration list for PBXProject "TwitterClone" */;
			compatibilityVersion = "Xcode 9.3";
			developmentRegion = en;
			hasScannedForEncodings = 0;
			knownRegions = (
				en,
				Base,
			);
			mainGroup = B480CC942569B19500BB0AF8;
			productRefGroup = B480CC9E2569B19500BB0AF8 /* Products */;
			projectDirPath = "";
			projectRoot = "";
			targets = (
				B480CC9C2569B19500BB0AF8 /* TwitterClone */,
				B480CCB22569B19600BB0AF8 /* TwitterCloneTests */,
				B480CCBD2569B19600BB0AF8 /* TwitterCloneUITests */,
			);
		};
/* End PBXProject section */

/* Begin PBXResourcesBuildPhase section */
		B480CC9B2569B19500BB0AF8 /* Resources */ = {
			isa = PBXResourcesBuildPhase;
			buildActionMask = 2147483647;
			files = (
				B480CCAD2569B19600BB0AF8 /* LaunchScreen.storyboard in Resources */,
				B480CCAA2569B19600BB0AF8 /* Assets.xcassets in Resources */,
				B480CCA82569B19500BB0AF8 /* Main.storyboard in Resources */,
			);
			runOnlyForDeploymentPostprocessing = 0;
		};
		B480CCB12569B19600BB0AF8 /* Resources */ = {
			isa = PBXResourcesBuildPhase;
			buildActionMask = 2147483647;
			files = (
			);
			runOnlyForDeploymentPostprocessing = 0;
		};
		B480CCBC2569B19600BB0AF8 /* Resources */ = {
			isa = PBXResourcesBuildPhase;
			buildActionMask = 2147483647;
			files = (
			);
			runOnlyForDeploymentPostprocessing = 0;
		};
/* End PBXResourcesBuildPhase section */

/* Begin PBXSourcesBuildPhase section */
		B480CC992569B19500BB0AF8 /* Sources */ = {
			isa = PBXSourcesBuildPhase;
			buildActionMask = 2147483647;
			files = (
				B480CCA52569B19500BB0AF8 /* ViewController.swift in Sources */,
				B480CCF72569B41000BB0AF8 /* ConversationController.swift in Sources */,
				B4BF9ECC256C416200DB282A /* RegisterController.swift in Sources */,
				B480CCE82569B39900BB0AF8 /* FeedController.swift in Sources */,
				B4BF9ED9256C43FD00DB282A /* Utilites.swift in Sources */,
				B480CCF22569B3F400BB0AF8 /* NotificationController.swift in Sources */,
				B480CCED2569B3CC00BB0AF8 /* ExploreController.swift in Sources */,
				B480CCA12569B19500BB0AF8 /* AppDelegate.swift in Sources */,
				B480CCE22569B25C00BB0AF8 /* MainTabController.swift in Sources */,
				B480CCA32569B19500BB0AF8 /* SceneDelegate.swift in Sources */,
				B480CCDD2569B1E800BB0AF8 /* Extensions.swift in Sources */,
				B4BF9EC7256C415400DB282A /* LoginController.swift in Sources */,
			);
			runOnlyForDeploymentPostprocessing = 0;
		};
		B480CCAF2569B19600BB0AF8 /* Sources */ = {
			isa = PBXSourcesBuildPhase;
			buildActionMask = 2147483647;
			files = (
				B480CCB82569B19600BB0AF8 /* TwitterCloneTests.swift in Sources */,
			);
			runOnlyForDeploymentPostprocessing = 0;
		};
		B480CCBA2569B19600BB0AF8 /* Sources */ = {
			isa = PBXSourcesBuildPhase;
			buildActionMask = 2147483647;
			files = (
				B480CCC32569B19600BB0AF8 /* TwitterCloneUITests.swift in Sources */,
			);
			runOnlyForDeploymentPostprocessing = 0;
		};
/* End PBXSourcesBuildPhase section */

/* Begin PBXTargetDependency section */
		B480CCB52569B19600BB0AF8 /* PBXTargetDependency */ = {
			isa = PBXTargetDependency;
			target = B480CC9C2569B19500BB0AF8 /* TwitterClone */;
			targetProxy = B480CCB42569B19600BB0AF8 /* PBXContainerItemProxy */;
		};
		B480CCC02569B19600BB0AF8 /* PBXTargetDependency */ = {
			isa = PBXTargetDependency;
			target = B480CC9C2569B19500BB0AF8 /* TwitterClone */;
			targetProxy = B480CCBF2569B19600BB0AF8 /* PBXContainerItemProxy */;
		};
/* End PBXTargetDependency section */

/* Begin PBXVariantGroup section */
		B480CCA62569B19500BB0AF8 /* Main.storyboard */ = {
			isa = PBXVariantGroup;
			children = (
				B480CCA72569B19500BB0AF8 /* Base */,
			);
			name = Main.storyboard;
			sourceTree = "<group>";
		};
		B480CCAB2569B19600BB0AF8 /* LaunchScreen.storyboard */ = {
			isa = PBXVariantGroup;
			children = (
				B480CCAC2569B19600BB0AF8 /* Base */,
			);
			name = LaunchScreen.storyboard;
			sourceTree = "<group>";
		};
/* End PBXVariantGroup section */

/* Begin XCBuildConfiguration section */
		B480CCC52569B19600BB0AF8 /* Debug */ = {
			isa = XCBuildConfiguration;
			buildSettings = {
				ALWAYS_SEARCH_USER_PATHS = NO;
				CLANG_ANALYZER_NONNULL = YES;
				CLANG_ANALYZER_NUMBER_OBJECT_CONVERSION = YES_AGGRESSIVE;
				CLANG_CXX_LANGUAGE_STANDARD = "gnu++14";
				CLANG_CXX_LIBRARY = "libc++";
				CLANG_ENABLE_MODULES = YES;
				CLANG_ENABLE_OBJC_ARC = YES;
				CLANG_ENABLE_OBJC_WEAK = YES;
				CLANG_WARN_BLOCK_CAPTURE_AUTORELEASING = YES;
				CLANG_WARN_BOOL_CONVERSION = YES;
				CLANG_WARN_COMMA = YES;
				CLANG_WARN_CONSTANT_CONVERSION = YES;
				CLANG_WARN_DEPRECATED_OBJC_IMPLEMENTATIONS = YES;
				CLANG_WARN_DIRECT_OBJC_ISA_USAGE = YES_ERROR;
				CLANG_WARN_DOCUMENTATION_COMMENTS = YES;
				CLANG_WARN_EMPTY_BODY = YES;
				CLANG_WARN_ENUM_CONVERSION = YES;
				CLANG_WARN_INFINITE_RECURSION = YES;
				CLANG_WARN_INT_CONVERSION = YES;
				CLANG_WARN_NON_LITERAL_NULL_CONVERSION = YES;
				CLANG_WARN_OBJC_IMPLICIT_RETAIN_SELF = YES;
				CLANG_WARN_OBJC_LITERAL_CONVERSION = YES;
				CLANG_WARN_OBJC_ROOT_CLASS = YES_ERROR;
				CLANG_WARN_QUOTED_INCLUDE_IN_FRAMEWORK_HEADER = YES;
				CLANG_WARN_RANGE_LOOP_ANALYSIS = YES;
				CLANG_WARN_STRICT_PROTOTYPES = YES;
				CLANG_WARN_SUSPICIOUS_MOVE = YES;
				CLANG_WARN_UNGUARDED_AVAILABILITY = YES_AGGRESSIVE;
				CLANG_WARN_UNREACHABLE_CODE = YES;
				CLANG_WARN__DUPLICATE_METHOD_MATCH = YES;
				COPY_PHASE_STRIP = NO;
				DEBUG_INFORMATION_FORMAT = dwarf;
				ENABLE_STRICT_OBJC_MSGSEND = YES;
				ENABLE_TESTABILITY = YES;
				GCC_C_LANGUAGE_STANDARD = gnu11;
				GCC_DYNAMIC_NO_PIC = NO;
				GCC_NO_COMMON_BLOCKS = YES;
				GCC_OPTIMIZATION_LEVEL = 0;
				GCC_PREPROCESSOR_DEFINITIONS = (
					"DEBUG=1",
					"$(inherited)",
				);
				GCC_WARN_64_TO_32_BIT_CONVERSION = YES;
				GCC_WARN_ABOUT_RETURN_TYPE = YES_ERROR;
				GCC_WARN_UNDECLARED_SELECTOR = YES;
				GCC_WARN_UNINITIALIZED_AUTOS = YES_AGGRESSIVE;
				GCC_WARN_UNUSED_FUNCTION = YES;
				GCC_WARN_UNUSED_VARIABLE = YES;
				IPHONEOS_DEPLOYMENT_TARGET = 14.1;
				MTL_ENABLE_DEBUG_INFO = INCLUDE_SOURCE;
				MTL_FAST_MATH = YES;
				ONLY_ACTIVE_ARCH = YES;
				SDKROOT = iphoneos;
				SWIFT_ACTIVE_COMPILATION_CONDITIONS = DEBUG;
				SWIFT_OPTIMIZATION_LEVEL = "-Onone";
			};
			name = Debug;
		};
		B480CCC62569B19600BB0AF8 /* Release */ = {
			isa = XCBuildConfiguration;
			buildSettings = {
				ALWAYS_SEARCH_USER_PATHS = NO;
				CLANG_ANALYZER_NONNULL = YES;
				CLANG_ANALYZER_NUMBER_OBJECT_CONVERSION = YES_AGGRESSIVE;
				CLANG_CXX_LANGUAGE_STANDARD = "gnu++14";
				CLANG_CXX_LIBRARY = "libc++";
				CLANG_ENABLE_MODULES = YES;
				CLANG_ENABLE_OBJC_ARC = YES;
				CLANG_ENABLE_OBJC_WEAK = YES;
				CLANG_WARN_BLOCK_CAPTURE_AUTORELEASING = YES;
				CLANG_WARN_BOOL_CONVERSION = YES;
				CLANG_WARN_COMMA = YES;
				CLANG_WARN_CONSTANT_CONVERSION = YES;
				CLANG_WARN_DEPRECATED_OBJC_IMPLEMENTATIONS = YES;
				CLANG_WARN_DIRECT_OBJC_ISA_USAGE = YES_ERROR;
				CLANG_WARN_DOCUMENTATION_COMMENTS = YES;
				CLANG_WARN_EMPTY_BODY = YES;
				CLANG_WARN_ENUM_CONVERSION = YES;
				CLANG_WARN_INFINITE_RECURSION = YES;
				CLANG_WARN_INT_CONVERSION = YES;
				CLANG_WARN_NON_LITERAL_NULL_CONVERSION = YES;
				CLANG_WARN_OBJC_IMPLICIT_RETAIN_SELF = YES;
				CLANG_WARN_OBJC_LITERAL_CONVERSION = YES;
				CLANG_WARN_OBJC_ROOT_CLASS = YES_ERROR;
				CLANG_WARN_QUOTED_INCLUDE_IN_FRAMEWORK_HEADER = YES;
				CLANG_WARN_RANGE_LOOP_ANALYSIS = YES;
				CLANG_WARN_STRICT_PROTOTYPES = YES;
				CLANG_WARN_SUSPICIOUS_MOVE = YES;
				CLANG_WARN_UNGUARDED_AVAILABILITY = YES_AGGRESSIVE;
				CLANG_WARN_UNREACHABLE_CODE = YES;
				CLANG_WARN__DUPLICATE_METHOD_MATCH = YES;
				COPY_PHASE_STRIP = NO;
				DEBUG_INFORMATION_FORMAT = "dwarf-with-dsym";
				ENABLE_NS_ASSERTIONS = NO;
				ENABLE_STRICT_OBJC_MSGSEND = YES;
				GCC_C_LANGUAGE_STANDARD = gnu11;
				GCC_NO_COMMON_BLOCKS = YES;
				GCC_WARN_64_TO_32_BIT_CONVERSION = YES;
				GCC_WARN_ABOUT_RETURN_TYPE = YES_ERROR;
				GCC_WARN_UNDECLARED_SELECTOR = YES;
				GCC_WARN_UNINITIALIZED_AUTOS = YES_AGGRESSIVE;
				GCC_WARN_UNUSED_FUNCTION = YES;
				GCC_WARN_UNUSED_VARIABLE = YES;
				IPHONEOS_DEPLOYMENT_TARGET = 14.1;
				MTL_ENABLE_DEBUG_INFO = NO;
				MTL_FAST_MATH = YES;
				SDKROOT = iphoneos;
				SWIFT_COMPILATION_MODE = wholemodule;
				SWIFT_OPTIMIZATION_LEVEL = "-O";
				VALIDATE_PRODUCT = YES;
			};
			name = Release;
		};
		B480CCC82569B19600BB0AF8 /* Debug */ = {
			isa = XCBuildConfiguration;
			buildSettings = {
				ASSETCATALOG_COMPILER_APPICON_NAME = AppIcon;
				ASSETCATALOG_COMPILER_GLOBAL_ACCENT_COLOR_NAME = AccentColor;
				CODE_SIGN_STYLE = Automatic;
				DEVELOPMENT_TEAM = 7M226WNK72;
				INFOPLIST_FILE = TwitterClone/Info.plist;
				IPHONEOS_DEPLOYMENT_TARGET = 14.0;
				LD_RUNPATH_SEARCH_PATHS = (
					"$(inherited)",
					"@executable_path/Frameworks",
				);
				PRODUCT_BUNDLE_IDENTIFIER = com.MuriTech.TwitterClone;
				PRODUCT_NAME = "$(TARGET_NAME)";
				SWIFT_VERSION = 5.0;
				TARGETED_DEVICE_FAMILY = "1,2";
			};
			name = Debug;
		};
		B480CCC92569B19600BB0AF8 /* Release */ = {
			isa = XCBuildConfiguration;
			buildSettings = {
				ASSETCATALOG_COMPILER_APPICON_NAME = AppIcon;
				ASSETCATALOG_COMPILER_GLOBAL_ACCENT_COLOR_NAME = AccentColor;
				CODE_SIGN_STYLE = Automatic;
				DEVELOPMENT_TEAM = 7M226WNK72;
				INFOPLIST_FILE = TwitterClone/Info.plist;
				IPHONEOS_DEPLOYMENT_TARGET = 14.0;
				LD_RUNPATH_SEARCH_PATHS = (
					"$(inherited)",
					"@executable_path/Frameworks",
				);
				PRODUCT_BUNDLE_IDENTIFIER = com.MuriTech.TwitterClone;
				PRODUCT_NAME = "$(TARGET_NAME)";
				SWIFT_VERSION = 5.0;
				TARGETED_DEVICE_FAMILY = "1,2";
			};
			name = Release;
		};
		B480CCCB2569B19600BB0AF8 /* Debug */ = {
			isa = XCBuildConfiguration;
			buildSettings = {
				ALWAYS_EMBED_SWIFT_STANDARD_LIBRARIES = YES;
				BUNDLE_LOADER = "$(TEST_HOST)";
				CODE_SIGN_STYLE = Automatic;
				DEVELOPMENT_TEAM = 7M226WNK72;
				INFOPLIST_FILE = TwitterCloneTests/Info.plist;
				IPHONEOS_DEPLOYMENT_TARGET = 14.1;
				LD_RUNPATH_SEARCH_PATHS = (
					"$(inherited)",
					"@executable_path/Frameworks",
					"@loader_path/Frameworks",
				);
				PRODUCT_BUNDLE_IDENTIFIER = com.MuriTech.TwitterCloneTests;
				PRODUCT_NAME = "$(TARGET_NAME)";
				SWIFT_VERSION = 5.0;
				TARGETED_DEVICE_FAMILY = "1,2";
				TEST_HOST = "$(BUILT_PRODUCTS_DIR)/TwitterClone.app/TwitterClone";
			};
			name = Debug;
		};
		B480CCCC2569B19600BB0AF8 /* Release */ = {
			isa = XCBuildConfiguration;
			buildSettings = {
				ALWAYS_EMBED_SWIFT_STANDARD_LIBRARIES = YES;
				BUNDLE_LOADER = "$(TEST_HOST)";
				CODE_SIGN_STYLE = Automatic;
				DEVELOPMENT_TEAM = 7M226WNK72;
				INFOPLIST_FILE = TwitterCloneTests/Info.plist;
				IPHONEOS_DEPLOYMENT_TARGET = 14.1;
				LD_RUNPATH_SEARCH_PATHS = (
					"$(inherited)",
					"@executable_path/Frameworks",
					"@loader_path/Frameworks",
				);
				PRODUCT_BUNDLE_IDENTIFIER = com.MuriTech.TwitterCloneTests;
				PRODUCT_NAME = "$(TARGET_NAME)";
				SWIFT_VERSION = 5.0;
				TARGETED_DEVICE_FAMILY = "1,2";
				TEST_HOST = "$(BUILT_PRODUCTS_DIR)/TwitterClone.app/TwitterClone";
			};
			name = Release;
		};
		B480CCCE2569B19600BB0AF8 /* Debug */ = {
			isa = XCBuildConfiguration;
			buildSettings = {
				ALWAYS_EMBED_SWIFT_STANDARD_LIBRARIES = YES;
				CODE_SIGN_STYLE = Automatic;
				DEVELOPMENT_TEAM = 7M226WNK72;
				INFOPLIST_FILE = TwitterCloneUITests/Info.plist;
				LD_RUNPATH_SEARCH_PATHS = (
					"$(inherited)",
					"@executable_path/Frameworks",
					"@loader_path/Frameworks",
				);
				PRODUCT_BUNDLE_IDENTIFIER = com.MuriTech.TwitterCloneUITests;
				PRODUCT_NAME = "$(TARGET_NAME)";
				SWIFT_VERSION = 5.0;
				TARGETED_DEVICE_FAMILY = "1,2";
				TEST_TARGET_NAME = TwitterClone;
			};
			name = Debug;
		};
		B480CCCF2569B19600BB0AF8 /* Release */ = {
			isa = XCBuildConfiguration;
			buildSettings = {
				ALWAYS_EMBED_SWIFT_STANDARD_LIBRARIES = YES;
				CODE_SIGN_STYLE = Automatic;
				DEVELOPMENT_TEAM = 7M226WNK72;
				INFOPLIST_FILE = TwitterCloneUITests/Info.plist;
				LD_RUNPATH_SEARCH_PATHS = (
					"$(inherited)",
					"@executable_path/Frameworks",
					"@loader_path/Frameworks",
				);
				PRODUCT_BUNDLE_IDENTIFIER = com.MuriTech.TwitterCloneUITests;
				PRODUCT_NAME = "$(TARGET_NAME)";
				SWIFT_VERSION = 5.0;
				TARGETED_DEVICE_FAMILY = "1,2";
				TEST_TARGET_NAME = TwitterClone;
			};
			name = Release;
		};
/* End XCBuildConfiguration section */

/* Begin XCConfigurationList section */
		B480CC982569B19500BB0AF8 /* Build configuration list for PBXProject "TwitterClone" */ = {
			isa = XCConfigurationList;
			buildConfigurations = (
				B480CCC52569B19600BB0AF8 /* Debug */,
				B480CCC62569B19600BB0AF8 /* Release */,
			);
			defaultConfigurationIsVisible = 0;
			defaultConfigurationName = Release;
		};
		B480CCC72569B19600BB0AF8 /* Build configuration list for PBXNativeTarget "TwitterClone" */ = {
			isa = XCConfigurationList;
			buildConfigurations = (
				B480CCC82569B19600BB0AF8 /* Debug */,
				B480CCC92569B19600BB0AF8 /* Release */,
			);
			defaultConfigurationIsVisible = 0;
			defaultConfigurationName = Release;
		};
		B480CCCA2569B19600BB0AF8 /* Build configuration list for PBXNativeTarget "TwitterCloneTests" */ = {
			isa = XCConfigurationList;
			buildConfigurations = (
				B480CCCB2569B19600BB0AF8 /* Debug */,
				B480CCCC2569B19600BB0AF8 /* Release */,
			);
			defaultConfigurationIsVisible = 0;
			defaultConfigurationName = Release;
		};
		B480CCCD2569B19600BB0AF8 /* Build configuration list for PBXNativeTarget "TwitterCloneUITests" */ = {
			isa = XCConfigurationList;
			buildConfigurations = (
				B480CCCE2569B19600BB0AF8 /* Debug */,
				B480CCCF2569B19600BB0AF8 /* Release */,
			);
			defaultConfigurationIsVisible = 0;
			defaultConfigurationName = Release;
		};
/* End XCConfigurationList section */
	};
	rootObject = B480CC952569B19500BB0AF8 /* Project object */;
}
